<?xml version="1.0" encoding="UTF-8"?>
<!DOCTYPE plist PUBLIC "-//Apple//DTD PLIST 1.0//EN" "http://www.apple.com/DTDs/PropertyList-1.0.dtd">
<plist version="1.0">
<dict>
	<key>archiveVersion</key>
	<string>1</string>
	<key>classes</key>
	<dict/>
	<key>objectVersion</key>
	<string>46</string>
	<key>objects</key>
	<dict>
		<key>001FFCEA61B6427F9E03E96C</key>
		<dict>
			<key>explicitFileType</key>
			<string>archive.ar</string>
			<key>includeInIndex</key>
			<string>0</string>
			<key>isa</key>
			<string>PBXFileReference</string>
			<key>path</key>
			<string>libPods-PoSum.a</string>
			<key>sourceTree</key>
			<string>BUILT_PRODUCTS_DIR</string>
		</dict>
		<key>0C4A787077AF406C9CDC20D3</key>
		<dict>
			<key>includeInIndex</key>
			<string>1</string>
			<key>isa</key>
			<string>PBXFileReference</string>
			<key>lastKnownFileType</key>
			<string>text.xcconfig</string>
			<key>name</key>
			<string>Pods-PoSumTests.xcconfig</string>
			<key>path</key>
			<string>Pods/Pods-PoSumTests.xcconfig</string>
			<key>sourceTree</key>
			<string>&lt;group&gt;</string>
		</dict>
		<key>3F08CE618E4C4B779084566C</key>
		<dict>
			<key>fileRef</key>
			<string>001FFCEA61B6427F9E03E96C</string>
			<key>isa</key>
			<string>PBXBuildFile</string>
		</dict>
		<key>4D2FDCAA1927741D00117DB8</key>
		<dict>
			<key>children</key>
			<array>
				<string>4D2FDCBC1927741D00117DB8</string>
				<string>4D2FDCDE1927741D00117DB8</string>
				<string>4D2FDCB51927741D00117DB8</string>
				<string>4D2FDCB41927741D00117DB8</string>
				<string>0C4A787077AF406C9CDC20D3</string>
				<string>D4603DE92F8F45CABDF01BB0</string>
			</array>
			<key>isa</key>
			<string>PBXGroup</string>
			<key>sourceTree</key>
			<string>&lt;group&gt;</string>
		</dict>
		<key>4D2FDCAB1927741D00117DB8</key>
		<dict>
			<key>attributes</key>
			<dict>
				<key>LastUpgradeCheck</key>
				<string>0510</string>
				<key>ORGANIZATIONNAME</key>
				<string>Po Sam</string>
				<key>TargetAttributes</key>
				<dict>
					<key>4D2FDCD61927741D00117DB8</key>
					<dict>
						<key>TestTargetID</key>
						<string>4D2FDCB21927741D00117DB8</string>
					</dict>
				</dict>
			</dict>
			<key>buildConfigurationList</key>
			<string>4D2FDCAE1927741D00117DB8</string>
			<key>compatibilityVersion</key>
			<string>Xcode 3.2</string>
			<key>developmentRegion</key>
			<string>English</string>
			<key>hasScannedForEncodings</key>
			<string>0</string>
			<key>isa</key>
			<string>PBXProject</string>
			<key>knownRegions</key>
			<array>
				<string>en</string>
				<string>Base</string>
			</array>
			<key>mainGroup</key>
			<string>4D2FDCAA1927741D00117DB8</string>
			<key>productRefGroup</key>
			<string>4D2FDCB41927741D00117DB8</string>
			<key>projectDirPath</key>
			<string></string>
			<key>projectReferences</key>
			<array/>
			<key>projectRoot</key>
			<string></string>
			<key>targets</key>
			<array>
				<string>4D2FDCB21927741D00117DB8</string>
				<string>4D2FDCD61927741D00117DB8</string>
			</array>
		</dict>
		<key>4D2FDCAE1927741D00117DB8</key>
		<dict>
			<key>buildConfigurations</key>
			<array>
				<string>4D2FDCE61927741D00117DB8</string>
				<string>4D2FDCE71927741D00117DB8</string>
			</array>
			<key>defaultConfigurationIsVisible</key>
			<string>0</string>
			<key>defaultConfigurationName</key>
			<string>Release</string>
			<key>isa</key>
			<string>XCConfigurationList</string>
		</dict>
		<key>4D2FDCAF1927741D00117DB8</key>
		<dict>
			<key>buildActionMask</key>
			<string>2147483647</string>
			<key>files</key>
			<array>
				<string>4D8A7F6E1928B03900C352E9</string>
				<string>4DEE7C32192A7E61009DADCA</string>
				<string>4D8A7F7D1929C8D200C352E9</string>
				<string>4D2FDD001927774800117DB8</string>
				<string>4D2FDCFB1927753300117DB8</string>
				<string>4D2FDCFA1927753300117DB8</string>
				<string>4D2FDCC71927741D00117DB8</string>
				<string>4D8A7F531928957900C352E9</string>
				<string>4D2FDD3B1928801300117DB8</string>
				<string>4D8A7F581928958300C352E9</string>
				<string>4D8A7F461928949A00C352E9</string>
				<string>4D8A7F621928959500C352E9</string>
				<string>4D2FDCC31927741D00117DB8</string>
				<string>4DEE7C2E192A69F1009DADCA</string>
				<string>4D8A7F5D1928958D00C352E9</string>
				<string>4D2FDD3E192881DA00117DB8</string>
				<string>4D8A7F85192A4FEF00C352E9</string>
				<string>4D2FDCF1192774BD00117DB8</string>
				<string>4D8A7F4019288FC400C352E9</string>
				<string>4D2FDCFC1927753300117DB8</string>
				<string>4D8A7F74192928C200C352E9</string>
				<string>4D8A7F3D19288B7E00C352E9</string>
			</array>
			<key>isa</key>
			<string>PBXSourcesBuildPhase</string>
			<key>runOnlyForDeploymentPostprocessing</key>
			<string>0</string>
		</dict>
		<key>4D2FDCB01927741D00117DB8</key>
		<dict>
			<key>buildActionMask</key>
			<string>2147483647</string>
			<key>files</key>
			<array>
				<string>4D2FDCF3192774CF00117DB8</string>
				<string>4D2FDCB91927741D00117DB8</string>
				<string>4D2FDCBB1927741D00117DB8</string>
				<string>4D2FDCB71927741D00117DB8</string>
				<string>3F08CE618E4C4B779084566C</string>
			</array>
			<key>isa</key>
			<string>PBXFrameworksBuildPhase</string>
			<key>runOnlyForDeploymentPostprocessing</key>
			<string>0</string>
		</dict>
		<key>4D2FDCB11927741D00117DB8</key>
		<dict>
			<key>buildActionMask</key>
			<string>2147483647</string>
			<key>files</key>
			<array>
				<string>4D8A7F611928959500C352E9</string>
				<string>4D8A7F571928958300C352E9</string>
				<string>4D8A7F521928957900C352E9</string>
				<string>4D8A7F5C1928958D00C352E9</string>
				<string>4D2FDCD21927741D00117DB8</string>
				<string>4D2FDCC11927741D00117DB8</string>
				<string>4D2FDD0B19277D2100117DB8</string>
				<string>4D2FDD0A19277D2100117DB8</string>
				<string>4D2FDD0C19277D2100117DB8</string>
				<string>4D8A7F4E1928956900C352E9</string>
				<string>4DEE7C33192A7E61009DADCA</string>
			</array>
			<key>isa</key>
			<string>PBXResourcesBuildPhase</string>
			<key>runOnlyForDeploymentPostprocessing</key>
			<string>0</string>
		</dict>
		<key>4D2FDCB21927741D00117DB8</key>
		<dict>
			<key>buildConfigurationList</key>
			<string>4D2FDCE81927741D00117DB8</string>
			<key>buildPhases</key>
			<array>
				<string>878B5CC5D4FD47F5ACC15F2B</string>
				<string>4D2FDCAF1927741D00117DB8</string>
				<string>4D2FDCB01927741D00117DB8</string>
				<string>4D2FDCB11927741D00117DB8</string>
				<string>D2C383B5F5374B7DBDA9DB3F</string>
			</array>
			<key>buildRules</key>
			<array/>
			<key>dependencies</key>
			<array/>
			<key>isa</key>
			<string>PBXNativeTarget</string>
			<key>name</key>
			<string>PoSum</string>
			<key>productName</key>
			<string>PoSum</string>
			<key>productReference</key>
			<string>4D2FDCB31927741D00117DB8</string>
			<key>productType</key>
			<string>com.apple.product-type.application</string>
		</dict>
		<key>4D2FDCB31927741D00117DB8</key>
		<dict>
			<key>explicitFileType</key>
			<string>wrapper.application</string>
			<key>includeInIndex</key>
			<string>0</string>
			<key>isa</key>
			<string>PBXFileReference</string>
			<key>path</key>
			<string>PoSum.app</string>
			<key>sourceTree</key>
			<string>BUILT_PRODUCTS_DIR</string>
		</dict>
		<key>4D2FDCB41927741D00117DB8</key>
		<dict>
			<key>children</key>
			<array>
				<string>4D2FDCB31927741D00117DB8</string>
				<string>4D2FDCD71927741D00117DB8</string>
			</array>
			<key>isa</key>
			<string>PBXGroup</string>
			<key>name</key>
			<string>Products</string>
			<key>sourceTree</key>
			<string>&lt;group&gt;</string>
		</dict>
		<key>4D2FDCB51927741D00117DB8</key>
		<dict>
			<key>children</key>
			<array>
				<string>4D2FDCF2192774CF00117DB8</string>
				<string>4D2FDCB61927741D00117DB8</string>
				<string>4D2FDCB81927741D00117DB8</string>
				<string>4D2FDCBA1927741D00117DB8</string>
				<string>4D2FDCD81927741D00117DB8</string>
				<string>985CB1AD4F50457D9969C946</string>
				<string>001FFCEA61B6427F9E03E96C</string>
			</array>
			<key>isa</key>
			<string>PBXGroup</string>
			<key>name</key>
			<string>Frameworks</string>
			<key>sourceTree</key>
			<string>&lt;group&gt;</string>
		</dict>
		<key>4D2FDCB61927741D00117DB8</key>
		<dict>
			<key>isa</key>
			<string>PBXFileReference</string>
			<key>lastKnownFileType</key>
			<string>wrapper.framework</string>
			<key>name</key>
			<string>Foundation.framework</string>
			<key>path</key>
			<string>System/Library/Frameworks/Foundation.framework</string>
			<key>sourceTree</key>
			<string>SDKROOT</string>
		</dict>
		<key>4D2FDCB71927741D00117DB8</key>
		<dict>
			<key>fileRef</key>
			<string>4D2FDCB61927741D00117DB8</string>
			<key>isa</key>
			<string>PBXBuildFile</string>
		</dict>
		<key>4D2FDCB81927741D00117DB8</key>
		<dict>
			<key>isa</key>
			<string>PBXFileReference</string>
			<key>lastKnownFileType</key>
			<string>wrapper.framework</string>
			<key>name</key>
			<string>CoreGraphics.framework</string>
			<key>path</key>
			<string>System/Library/Frameworks/CoreGraphics.framework</string>
			<key>sourceTree</key>
			<string>SDKROOT</string>
		</dict>
		<key>4D2FDCB91927741D00117DB8</key>
		<dict>
			<key>fileRef</key>
			<string>4D2FDCB81927741D00117DB8</string>
			<key>isa</key>
			<string>PBXBuildFile</string>
		</dict>
		<key>4D2FDCBA1927741D00117DB8</key>
		<dict>
			<key>isa</key>
			<string>PBXFileReference</string>
			<key>lastKnownFileType</key>
			<string>wrapper.framework</string>
			<key>name</key>
			<string>UIKit.framework</string>
			<key>path</key>
			<string>System/Library/Frameworks/UIKit.framework</string>
			<key>sourceTree</key>
			<string>SDKROOT</string>
		</dict>
		<key>4D2FDCBB1927741D00117DB8</key>
		<dict>
			<key>fileRef</key>
			<string>4D2FDCBA1927741D00117DB8</string>
			<key>isa</key>
			<string>PBXBuildFile</string>
		</dict>
		<key>4D2FDCBC1927741D00117DB8</key>
		<dict>
			<key>children</key>
			<array>
				<string>4D2FDCC51927741D00117DB8</string>
				<string>4D2FDCC61927741D00117DB8</string>
				<string>4D2FDCD11927741D00117DB8</string>
				<string>4D2FDCFD1927757600117DB8</string>
				<string>4D2FDCEE1927744A00117DB8</string>
				<string>4D8A7F7E1929CAD200C352E9</string>
				<string>4D2FDD0519277CD000117DB8</string>
				<string>4D2FDCBD1927741D00117DB8</string>
				<string>4D2FDD271927C30000117DB8</string>
			</array>
			<key>isa</key>
			<string>PBXGroup</string>
			<key>path</key>
			<string>PoSum</string>
			<key>sourceTree</key>
			<string>&lt;group&gt;</string>
		</dict>
		<key>4D2FDCBD1927741D00117DB8</key>
		<dict>
			<key>children</key>
			<array>
				<string>4D2FDCBE1927741D00117DB8</string>
				<string>4D2FDCBF1927741D00117DB8</string>
				<string>4D2FDCC21927741D00117DB8</string>
				<string>4D2FDCC41927741D00117DB8</string>
			</array>
			<key>isa</key>
			<string>PBXGroup</string>
			<key>name</key>
			<string>Supporting Files</string>
			<key>sourceTree</key>
			<string>&lt;group&gt;</string>
		</dict>
		<key>4D2FDCBE1927741D00117DB8</key>
		<dict>
			<key>isa</key>
			<string>PBXFileReference</string>
			<key>lastKnownFileType</key>
			<string>text.plist.xml</string>
			<key>path</key>
			<string>PoSum-Info.plist</string>
			<key>sourceTree</key>
			<string>&lt;group&gt;</string>
		</dict>
		<key>4D2FDCBF1927741D00117DB8</key>
		<dict>
			<key>children</key>
			<array>
				<string>4D2FDCC01927741D00117DB8</string>
			</array>
			<key>isa</key>
			<string>PBXVariantGroup</string>
			<key>name</key>
			<string>InfoPlist.strings</string>
			<key>sourceTree</key>
			<string>&lt;group&gt;</string>
		</dict>
		<key>4D2FDCC01927741D00117DB8</key>
		<dict>
			<key>isa</key>
			<string>PBXFileReference</string>
			<key>lastKnownFileType</key>
			<string>text.plist.strings</string>
			<key>name</key>
			<string>en</string>
			<key>path</key>
			<string>en.lproj/InfoPlist.strings</string>
			<key>sourceTree</key>
			<string>&lt;group&gt;</string>
		</dict>
		<key>4D2FDCC11927741D00117DB8</key>
		<dict>
			<key>fileRef</key>
			<string>4D2FDCBF1927741D00117DB8</string>
			<key>isa</key>
			<string>PBXBuildFile</string>
		</dict>
		<key>4D2FDCC21927741D00117DB8</key>
		<dict>
			<key>isa</key>
			<string>PBXFileReference</string>
			<key>lastKnownFileType</key>
			<string>sourcecode.c.objc</string>
			<key>path</key>
			<string>main.m</string>
			<key>sourceTree</key>
			<string>&lt;group&gt;</string>
		</dict>
		<key>4D2FDCC31927741D00117DB8</key>
		<dict>
			<key>fileRef</key>
			<string>4D2FDCC21927741D00117DB8</string>
			<key>isa</key>
			<string>PBXBuildFile</string>
		</dict>
		<key>4D2FDCC41927741D00117DB8</key>
		<dict>
			<key>isa</key>
			<string>PBXFileReference</string>
			<key>lastKnownFileType</key>
			<string>sourcecode.c.h</string>
			<key>path</key>
			<string>PoSum-Prefix.pch</string>
			<key>sourceTree</key>
			<string>&lt;group&gt;</string>
		</dict>
		<key>4D2FDCC51927741D00117DB8</key>
		<dict>
			<key>isa</key>
			<string>PBXFileReference</string>
			<key>lastKnownFileType</key>
			<string>sourcecode.c.h</string>
			<key>path</key>
			<string>AppDelegate.h</string>
			<key>sourceTree</key>
			<string>&lt;group&gt;</string>
		</dict>
		<key>4D2FDCC61927741D00117DB8</key>
		<dict>
			<key>isa</key>
			<string>PBXFileReference</string>
			<key>lastKnownFileType</key>
			<string>sourcecode.c.objc</string>
			<key>path</key>
			<string>AppDelegate.m</string>
			<key>sourceTree</key>
			<string>&lt;group&gt;</string>
		</dict>
		<key>4D2FDCC71927741D00117DB8</key>
		<dict>
			<key>fileRef</key>
			<string>4D2FDCC61927741D00117DB8</string>
			<key>isa</key>
			<string>PBXBuildFile</string>
		</dict>
		<key>4D2FDCD11927741D00117DB8</key>
		<dict>
			<key>isa</key>
			<string>PBXFileReference</string>
			<key>lastKnownFileType</key>
			<string>folder.assetcatalog</string>
			<key>path</key>
			<string>Images.xcassets</string>
			<key>sourceTree</key>
			<string>&lt;group&gt;</string>
		</dict>
		<key>4D2FDCD21927741D00117DB8</key>
		<dict>
			<key>fileRef</key>
			<string>4D2FDCD11927741D00117DB8</string>
			<key>isa</key>
			<string>PBXBuildFile</string>
		</dict>
		<key>4D2FDCD31927741D00117DB8</key>
		<dict>
			<key>buildActionMask</key>
			<string>2147483647</string>
			<key>files</key>
			<array/>
			<key>isa</key>
			<string>PBXSourcesBuildPhase</string>
			<key>runOnlyForDeploymentPostprocessing</key>
			<string>0</string>
		</dict>
		<key>4D2FDCD41927741D00117DB8</key>
		<dict>
			<key>buildActionMask</key>
			<string>2147483647</string>
			<key>files</key>
			<array>
				<string>4D2FDCD91927741D00117DB8</string>
				<string>4D2FDCDB1927741D00117DB8</string>
				<string>4D2FDCDA1927741D00117DB8</string>
				<string>C1F21B6846984CA1B4F7BD40</string>
			</array>
			<key>isa</key>
			<string>PBXFrameworksBuildPhase</string>
			<key>runOnlyForDeploymentPostprocessing</key>
			<string>0</string>
		</dict>
		<key>4D2FDCD51927741D00117DB8</key>
		<dict>
			<key>buildActionMask</key>
			<string>2147483647</string>
			<key>files</key>
			<array>
				<string>4D2FDCE31927741D00117DB8</string>
				<string>4D2FDD1C1927A39F00117DB8</string>
				<string>4D2FDD1D1927A39F00117DB8</string>
				<string>4D2FDD1E1927A39F00117DB8</string>
			</array>
			<key>isa</key>
			<string>PBXResourcesBuildPhase</string>
			<key>runOnlyForDeploymentPostprocessing</key>
			<string>0</string>
		</dict>
		<key>4D2FDCD61927741D00117DB8</key>
		<dict>
			<key>buildConfigurationList</key>
			<string>4D2FDCEB1927741D00117DB8</string>
			<key>buildPhases</key>
			<array>
				<string>BB25F37781774EC8820EC87E</string>
				<string>4D2FDCD31927741D00117DB8</string>
				<string>4D2FDCD41927741D00117DB8</string>
				<string>4D2FDCD51927741D00117DB8</string>
				<string>8D8BD81554194D8CBD31AFCD</string>
			</array>
			<key>buildRules</key>
			<array/>
			<key>dependencies</key>
			<array>
				<string>4D2FDCDD1927741D00117DB8</string>
			</array>
			<key>isa</key>
			<string>PBXNativeTarget</string>
			<key>name</key>
			<string>PoSumTests</string>
			<key>productName</key>
			<string>PoSumTests</string>
			<key>productReference</key>
			<string>4D2FDCD71927741D00117DB8</string>
			<key>productType</key>
			<string>com.apple.product-type.bundle.unit-test</string>
		</dict>
		<key>4D2FDCD71927741D00117DB8</key>
		<dict>
			<key>explicitFileType</key>
			<string>wrapper.cfbundle</string>
			<key>includeInIndex</key>
			<string>0</string>
			<key>isa</key>
			<string>PBXFileReference</string>
			<key>path</key>
			<string>PoSumTests.xctest</string>
			<key>sourceTree</key>
			<string>BUILT_PRODUCTS_DIR</string>
		</dict>
		<key>4D2FDCD81927741D00117DB8</key>
		<dict>
			<key>isa</key>
			<string>PBXFileReference</string>
			<key>lastKnownFileType</key>
			<string>wrapper.framework</string>
			<key>name</key>
			<string>XCTest.framework</string>
			<key>path</key>
			<string>Library/Frameworks/XCTest.framework</string>
			<key>sourceTree</key>
			<string>DEVELOPER_DIR</string>
		</dict>
		<key>4D2FDCD91927741D00117DB8</key>
		<dict>
			<key>fileRef</key>
			<string>4D2FDCD81927741D00117DB8</string>
			<key>isa</key>
			<string>PBXBuildFile</string>
		</dict>
		<key>4D2FDCDA1927741D00117DB8</key>
		<dict>
			<key>fileRef</key>
			<string>4D2FDCB61927741D00117DB8</string>
			<key>isa</key>
			<string>PBXBuildFile</string>
		</dict>
		<key>4D2FDCDB1927741D00117DB8</key>
		<dict>
			<key>fileRef</key>
			<string>4D2FDCBA1927741D00117DB8</string>
			<key>isa</key>
			<string>PBXBuildFile</string>
		</dict>
		<key>4D2FDCDC1927741D00117DB8</key>
		<dict>
			<key>containerPortal</key>
			<string>4D2FDCAB1927741D00117DB8</string>
			<key>isa</key>
			<string>PBXContainerItemProxy</string>
			<key>proxyType</key>
			<string>1</string>
			<key>remoteGlobalIDString</key>
			<string>4D2FDCB21927741D00117DB8</string>
			<key>remoteInfo</key>
			<string>PoSum</string>
		</dict>
		<key>4D2FDCDD1927741D00117DB8</key>
		<dict>
			<key>isa</key>
			<string>PBXTargetDependency</string>
			<key>target</key>
			<string>4D2FDCB21927741D00117DB8</string>
			<key>targetProxy</key>
			<string>4D2FDCDC1927741D00117DB8</string>
		</dict>
		<key>4D2FDCDE1927741D00117DB8</key>
		<dict>
			<key>children</key>
			<array>
				<string>4D2FDD171927A30500117DB8</string>
				<string>4D2FDCDF1927741D00117DB8</string>
			</array>
			<key>isa</key>
			<string>PBXGroup</string>
			<key>path</key>
			<string>PoSumTests</string>
			<key>sourceTree</key>
			<string>&lt;group&gt;</string>
		</dict>
		<key>4D2FDCDF1927741D00117DB8</key>
		<dict>
			<key>children</key>
			<array>
				<string>4D2FDCE01927741D00117DB8</string>
				<string>4D2FDCE11927741D00117DB8</string>
			</array>
			<key>isa</key>
			<string>PBXGroup</string>
			<key>name</key>
			<string>Supporting Files</string>
			<key>sourceTree</key>
			<string>&lt;group&gt;</string>
		</dict>
		<key>4D2FDCE01927741D00117DB8</key>
		<dict>
			<key>isa</key>
			<string>PBXFileReference</string>
			<key>lastKnownFileType</key>
			<string>text.plist.xml</string>
			<key>path</key>
			<string>PoSumTests-Info.plist</string>
			<key>sourceTree</key>
			<string>&lt;group&gt;</string>
		</dict>
		<key>4D2FDCE11927741D00117DB8</key>
		<dict>
			<key>children</key>
			<array>
				<string>4D2FDCE21927741D00117DB8</string>
			</array>
			<key>isa</key>
			<string>PBXVariantGroup</string>
			<key>name</key>
			<string>InfoPlist.strings</string>
			<key>sourceTree</key>
			<string>&lt;group&gt;</string>
		</dict>
		<key>4D2FDCE21927741D00117DB8</key>
		<dict>
			<key>isa</key>
			<string>PBXFileReference</string>
			<key>lastKnownFileType</key>
			<string>text.plist.strings</string>
			<key>name</key>
			<string>en</string>
			<key>path</key>
			<string>en.lproj/InfoPlist.strings</string>
			<key>sourceTree</key>
			<string>&lt;group&gt;</string>
		</dict>
		<key>4D2FDCE31927741D00117DB8</key>
		<dict>
			<key>fileRef</key>
			<string>4D2FDCE11927741D00117DB8</string>
			<key>isa</key>
			<string>PBXBuildFile</string>
		</dict>
		<key>4D2FDCE61927741D00117DB8</key>
		<dict>
			<key>buildSettings</key>
			<dict>
				<key>ALWAYS_SEARCH_USER_PATHS</key>
				<string>NO</string>
				<key>CLANG_CXX_LANGUAGE_STANDARD</key>
				<string>gnu++0x</string>
				<key>CLANG_CXX_LIBRARY</key>
				<string>libc++</string>
				<key>CLANG_ENABLE_MODULES</key>
				<string>YES</string>
				<key>CLANG_ENABLE_OBJC_ARC</key>
				<string>YES</string>
				<key>CLANG_WARN_BOOL_CONVERSION</key>
				<string>YES</string>
				<key>CLANG_WARN_CONSTANT_CONVERSION</key>
				<string>YES</string>
				<key>CLANG_WARN_DIRECT_OBJC_ISA_USAGE</key>
				<string>YES_ERROR</string>
				<key>CLANG_WARN_EMPTY_BODY</key>
				<string>YES</string>
				<key>CLANG_WARN_ENUM_CONVERSION</key>
				<string>YES</string>
				<key>CLANG_WARN_INT_CONVERSION</key>
				<string>YES</string>
				<key>CLANG_WARN_OBJC_ROOT_CLASS</key>
				<string>YES_ERROR</string>
				<key>CLANG_WARN__DUPLICATE_METHOD_MATCH</key>
				<string>YES</string>
				<key>CODE_SIGN_IDENTITY[sdk=iphoneos*]</key>
				<string>iPhone Developer</string>
				<key>COPY_PHASE_STRIP</key>
				<string>NO</string>
				<key>GCC_C_LANGUAGE_STANDARD</key>
				<string>gnu99</string>
				<key>GCC_DYNAMIC_NO_PIC</key>
				<string>NO</string>
				<key>GCC_OPTIMIZATION_LEVEL</key>
				<string>0</string>
				<key>GCC_PREPROCESSOR_DEFINITIONS</key>
				<array>
					<string>DEBUG=1</string>
					<string>$(inherited)</string>
				</array>
				<key>GCC_SYMBOLS_PRIVATE_EXTERN</key>
				<string>NO</string>
				<key>GCC_WARN_64_TO_32_BIT_CONVERSION</key>
				<string>YES</string>
				<key>GCC_WARN_ABOUT_RETURN_TYPE</key>
				<string>YES_ERROR</string>
				<key>GCC_WARN_UNDECLARED_SELECTOR</key>
				<string>YES</string>
				<key>GCC_WARN_UNINITIALIZED_AUTOS</key>
				<string>YES_AGGRESSIVE</string>
				<key>GCC_WARN_UNUSED_FUNCTION</key>
				<string>YES</string>
				<key>GCC_WARN_UNUSED_VARIABLE</key>
				<string>YES</string>
				<key>IPHONEOS_DEPLOYMENT_TARGET</key>
				<string>7.1</string>
				<key>ONLY_ACTIVE_ARCH</key>
				<string>YES</string>
				<key>SDKROOT</key>
				<string>iphoneos</string>
			</dict>
			<key>isa</key>
			<string>XCBuildConfiguration</string>
			<key>name</key>
			<string>Debug</string>
		</dict>
		<key>4D2FDCE71927741D00117DB8</key>
		<dict>
			<key>buildSettings</key>
			<dict>
				<key>ALWAYS_SEARCH_USER_PATHS</key>
				<string>NO</string>
				<key>CLANG_CXX_LANGUAGE_STANDARD</key>
				<string>gnu++0x</string>
				<key>CLANG_CXX_LIBRARY</key>
				<string>libc++</string>
				<key>CLANG_ENABLE_MODULES</key>
				<string>YES</string>
				<key>CLANG_ENABLE_OBJC_ARC</key>
				<string>YES</string>
				<key>CLANG_WARN_BOOL_CONVERSION</key>
				<string>YES</string>
				<key>CLANG_WARN_CONSTANT_CONVERSION</key>
				<string>YES</string>
				<key>CLANG_WARN_DIRECT_OBJC_ISA_USAGE</key>
				<string>YES_ERROR</string>
				<key>CLANG_WARN_EMPTY_BODY</key>
				<string>YES</string>
				<key>CLANG_WARN_ENUM_CONVERSION</key>
				<string>YES</string>
				<key>CLANG_WARN_INT_CONVERSION</key>
				<string>YES</string>
				<key>CLANG_WARN_OBJC_ROOT_CLASS</key>
				<string>YES_ERROR</string>
				<key>CLANG_WARN__DUPLICATE_METHOD_MATCH</key>
				<string>YES</string>
				<key>CODE_SIGN_IDENTITY[sdk=iphoneos*]</key>
				<string>iPhone Developer</string>
				<key>COPY_PHASE_STRIP</key>
				<string>YES</string>
				<key>ENABLE_NS_ASSERTIONS</key>
				<string>NO</string>
				<key>GCC_C_LANGUAGE_STANDARD</key>
				<string>gnu99</string>
				<key>GCC_WARN_64_TO_32_BIT_CONVERSION</key>
				<string>YES</string>
				<key>GCC_WARN_ABOUT_RETURN_TYPE</key>
				<string>YES_ERROR</string>
				<key>GCC_WARN_UNDECLARED_SELECTOR</key>
				<string>YES</string>
				<key>GCC_WARN_UNINITIALIZED_AUTOS</key>
				<string>YES_AGGRESSIVE</string>
				<key>GCC_WARN_UNUSED_FUNCTION</key>
				<string>YES</string>
				<key>GCC_WARN_UNUSED_VARIABLE</key>
				<string>YES</string>
				<key>IPHONEOS_DEPLOYMENT_TARGET</key>
				<string>7.1</string>
				<key>SDKROOT</key>
				<string>iphoneos</string>
				<key>VALIDATE_PRODUCT</key>
				<string>YES</string>
			</dict>
			<key>isa</key>
			<string>XCBuildConfiguration</string>
			<key>name</key>
			<string>Release</string>
		</dict>
		<key>4D2FDCE81927741D00117DB8</key>
		<dict>
			<key>buildConfigurations</key>
			<array>
				<string>4D2FDCE91927741D00117DB8</string>
				<string>4D2FDCEA1927741D00117DB8</string>
			</array>
			<key>defaultConfigurationIsVisible</key>
			<string>0</string>
			<key>defaultConfigurationName</key>
			<string>Release</string>
			<key>isa</key>
			<string>XCConfigurationList</string>
		</dict>
		<key>4D2FDCE91927741D00117DB8</key>
		<dict>
			<key>baseConfigurationReference</key>
			<string>D4603DE92F8F45CABDF01BB0</string>
			<key>buildSettings</key>
			<dict>
				<key>ASSETCATALOG_COMPILER_APPICON_NAME</key>
				<string>AppIcon</string>
				<key>ASSETCATALOG_COMPILER_LAUNCHIMAGE_NAME</key>
				<string>LaunchImage</string>
				<key>GCC_PRECOMPILE_PREFIX_HEADER</key>
				<string>YES</string>
				<key>GCC_PREFIX_HEADER</key>
				<string>PoSum/PoSum-Prefix.pch</string>
				<key>INFOPLIST_FILE</key>
				<string>PoSum/PoSum-Info.plist</string>
				<key>PRODUCT_NAME</key>
				<string>$(TARGET_NAME)</string>
				<key>WRAPPER_EXTENSION</key>
				<string>app</string>
			</dict>
			<key>isa</key>
			<string>XCBuildConfiguration</string>
			<key>name</key>
			<string>Debug</string>
		</dict>
		<key>4D2FDCEA1927741D00117DB8</key>
		<dict>
			<key>baseConfigurationReference</key>
			<string>D4603DE92F8F45CABDF01BB0</string>
			<key>buildSettings</key>
			<dict>
				<key>ASSETCATALOG_COMPILER_APPICON_NAME</key>
				<string>AppIcon</string>
				<key>ASSETCATALOG_COMPILER_LAUNCHIMAGE_NAME</key>
				<string>LaunchImage</string>
				<key>GCC_PRECOMPILE_PREFIX_HEADER</key>
				<string>YES</string>
				<key>GCC_PREFIX_HEADER</key>
				<string>PoSum/PoSum-Prefix.pch</string>
				<key>INFOPLIST_FILE</key>
				<string>PoSum/PoSum-Info.plist</string>
				<key>PRODUCT_NAME</key>
				<string>$(TARGET_NAME)</string>
				<key>WRAPPER_EXTENSION</key>
				<string>app</string>
			</dict>
			<key>isa</key>
			<string>XCBuildConfiguration</string>
			<key>name</key>
			<string>Release</string>
		</dict>
		<key>4D2FDCEB1927741D00117DB8</key>
		<dict>
			<key>buildConfigurations</key>
			<array>
				<string>4D2FDCEC1927741D00117DB8</string>
				<string>4D2FDCED1927741D00117DB8</string>
			</array>
			<key>defaultConfigurationIsVisible</key>
			<string>0</string>
			<key>defaultConfigurationName</key>
			<string>Release</string>
			<key>isa</key>
			<string>XCConfigurationList</string>
		</dict>
		<key>4D2FDCEC1927741D00117DB8</key>
		<dict>
			<key>baseConfigurationReference</key>
			<string>0C4A787077AF406C9CDC20D3</string>
			<key>buildSettings</key>
			<dict>
				<key>BUNDLE_LOADER</key>
				<string>$(BUILT_PRODUCTS_DIR)/PoSum.app/PoSum</string>
				<key>FRAMEWORK_SEARCH_PATHS</key>
				<array>
					<string>$(SDKROOT)/Developer/Library/Frameworks</string>
					<string>$(inherited)</string>
					<string>$(DEVELOPER_FRAMEWORKS_DIR)</string>
				</array>
				<key>GCC_PRECOMPILE_PREFIX_HEADER</key>
				<string>YES</string>
				<key>GCC_PREFIX_HEADER</key>
				<string>PoSum/PoSum-Prefix.pch</string>
				<key>GCC_PREPROCESSOR_DEFINITIONS</key>
				<array>
					<string>DEBUG=1</string>
					<string>$(inherited)</string>
				</array>
				<key>INFOPLIST_FILE</key>
				<string>PoSumTests/PoSumTests-Info.plist</string>
				<key>PRODUCT_NAME</key>
				<string>$(TARGET_NAME)</string>
				<key>TEST_HOST</key>
				<string>$(BUNDLE_LOADER)</string>
				<key>WRAPPER_EXTENSION</key>
				<string>xctest</string>
			</dict>
			<key>isa</key>
			<string>XCBuildConfiguration</string>
			<key>name</key>
			<string>Debug</string>
		</dict>
		<key>4D2FDCED1927741D00117DB8</key>
		<dict>
			<key>baseConfigurationReference</key>
			<string>0C4A787077AF406C9CDC20D3</string>
			<key>buildSettings</key>
			<dict>
				<key>BUNDLE_LOADER</key>
				<string>$(BUILT_PRODUCTS_DIR)/PoSum.app/PoSum</string>
				<key>FRAMEWORK_SEARCH_PATHS</key>
				<array>
					<string>$(SDKROOT)/Developer/Library/Frameworks</string>
					<string>$(inherited)</string>
					<string>$(DEVELOPER_FRAMEWORKS_DIR)</string>
				</array>
				<key>GCC_PRECOMPILE_PREFIX_HEADER</key>
				<string>YES</string>
				<key>GCC_PREFIX_HEADER</key>
				<string>PoSum/PoSum-Prefix.pch</string>
				<key>INFOPLIST_FILE</key>
				<string>PoSumTests/PoSumTests-Info.plist</string>
				<key>PRODUCT_NAME</key>
				<string>$(TARGET_NAME)</string>
				<key>TEST_HOST</key>
				<string>$(BUNDLE_LOADER)</string>
				<key>WRAPPER_EXTENSION</key>
				<string>xctest</string>
			</dict>
			<key>isa</key>
			<string>XCBuildConfiguration</string>
			<key>name</key>
			<string>Release</string>
		</dict>
		<key>4D2FDCEE1927744A00117DB8</key>
		<dict>
			<key>children</key>
			<array>
				<string>4D2FDCEF192774BD00117DB8</string>
				<string>4D8A7F72192928C200C352E9</string>
				<string>4D8A7F73192928C200C352E9</string>
				<string>4D2FDCF41927753300117DB8</string>
				<string>4D2FDCF51927753300117DB8</string>
				<string>4D2FDCF61927753300117DB8</string>
				<string>4D2FDCF71927753300117DB8</string>
				<string>4D8A7F6C1928B03900C352E9</string>
				<string>4D8A7F6D1928B03900C352E9</string>
				<string>4D2FDCF81927753300117DB8</string>
				<string>4D2FDCF91927753300117DB8</string>
			</array>
			<key>isa</key>
			<string>PBXGroup</string>
			<key>name</key>
			<string>Data</string>
			<key>sourceTree</key>
			<string>&lt;group&gt;</string>
		</dict>
		<key>4D2FDCEF192774BD00117DB8</key>
		<dict>
			<key>children</key>
			<array>
				<string>4D2FDCF0192774BD00117DB8</string>
			</array>
			<key>currentVersion</key>
			<string>4D2FDCF0192774BD00117DB8</string>
			<key>isa</key>
			<string>XCVersionGroup</string>
			<key>name</key>
			<string>DataModels.xcdatamodeld</string>
			<key>path</key>
			<string>Data/DataModels.xcdatamodeld</string>
			<key>sourceTree</key>
			<string>&lt;group&gt;</string>
			<key>versionGroupType</key>
			<string>wrapper.xcdatamodel</string>
		</dict>
		<key>4D2FDCF0192774BD00117DB8</key>
		<dict>
			<key>isa</key>
			<string>PBXFileReference</string>
			<key>lastKnownFileType</key>
			<string>wrapper.xcdatamodel</string>
			<key>path</key>
			<string>DataModels.xcdatamodel</string>
			<key>sourceTree</key>
			<string>&lt;group&gt;</string>
		</dict>
		<key>4D2FDCF1192774BD00117DB8</key>
		<dict>
			<key>fileRef</key>
			<string>4D2FDCEF192774BD00117DB8</string>
			<key>isa</key>
			<string>PBXBuildFile</string>
		</dict>
		<key>4D2FDCF2192774CF00117DB8</key>
		<dict>
			<key>isa</key>
			<string>PBXFileReference</string>
			<key>lastKnownFileType</key>
			<string>wrapper.framework</string>
			<key>name</key>
			<string>CoreData.framework</string>
			<key>path</key>
			<string>System/Library/Frameworks/CoreData.framework</string>
			<key>sourceTree</key>
			<string>SDKROOT</string>
		</dict>
		<key>4D2FDCF3192774CF00117DB8</key>
		<dict>
			<key>fileRef</key>
			<string>4D2FDCF2192774CF00117DB8</string>
			<key>isa</key>
			<string>PBXBuildFile</string>
		</dict>
		<key>4D2FDCF41927753300117DB8</key>
		<dict>
			<key>fileEncoding</key>
			<string>4</string>
			<key>isa</key>
			<string>PBXFileReference</string>
			<key>lastKnownFileType</key>
			<string>sourcecode.c.h</string>
			<key>name</key>
			<string>Exercise.h</string>
			<key>path</key>
			<string>Data/Exercise.h</string>
			<key>sourceTree</key>
			<string>&lt;group&gt;</string>
		</dict>
		<key>4D2FDCF51927753300117DB8</key>
		<dict>
			<key>fileEncoding</key>
			<string>4</string>
			<key>isa</key>
			<string>PBXFileReference</string>
			<key>lastKnownFileType</key>
			<string>sourcecode.c.objc</string>
			<key>name</key>
			<string>Exercise.m</string>
			<key>path</key>
			<string>Data/Exercise.m</string>
			<key>sourceTree</key>
			<string>&lt;group&gt;</string>
		</dict>
		<key>4D2FDCF61927753300117DB8</key>
		<dict>
			<key>fileEncoding</key>
			<string>4</string>
			<key>isa</key>
			<string>PBXFileReference</string>
			<key>lastKnownFileType</key>
			<string>sourcecode.c.h</string>
			<key>name</key>
			<string>Food.h</string>
			<key>path</key>
			<string>Data/Food.h</string>
			<key>sourceTree</key>
			<string>&lt;group&gt;</string>
		</dict>
		<key>4D2FDCF71927753300117DB8</key>
		<dict>
			<key>fileEncoding</key>
			<string>4</string>
			<key>isa</key>
			<string>PBXFileReference</string>
			<key>lastKnownFileType</key>
			<string>sourcecode.c.objc</string>
			<key>name</key>
			<string>Food.m</string>
			<key>path</key>
			<string>Data/Food.m</string>
			<key>sourceTree</key>
			<string>&lt;group&gt;</string>
		</dict>
		<key>4D2FDCF81927753300117DB8</key>
		<dict>
			<key>fileEncoding</key>
			<string>4</string>
			<key>isa</key>
			<string>PBXFileReference</string>
			<key>lastKnownFileType</key>
			<string>sourcecode.c.h</string>
			<key>name</key>
			<string>FoodCategory.h</string>
			<key>path</key>
			<string>Data/FoodCategory.h</string>
			<key>sourceTree</key>
			<string>&lt;group&gt;</string>
		</dict>
		<key>4D2FDCF91927753300117DB8</key>
		<dict>
			<key>fileEncoding</key>
			<string>4</string>
			<key>isa</key>
			<string>PBXFileReference</string>
			<key>lastKnownFileType</key>
			<string>sourcecode.c.objc</string>
			<key>name</key>
			<string>FoodCategory.m</string>
			<key>path</key>
			<string>Data/FoodCategory.m</string>
			<key>sourceTree</key>
			<string>&lt;group&gt;</string>
		</dict>
		<key>4D2FDCFA1927753300117DB8</key>
		<dict>
			<key>fileRef</key>
			<string>4D2FDCF51927753300117DB8</string>
			<key>isa</key>
			<string>PBXBuildFile</string>
		</dict>
		<key>4D2FDCFB1927753300117DB8</key>
		<dict>
			<key>fileRef</key>
			<string>4D2FDCF71927753300117DB8</string>
			<key>isa</key>
			<string>PBXBuildFile</string>
		</dict>
		<key>4D2FDCFC1927753300117DB8</key>
		<dict>
			<key>fileRef</key>
			<string>4D2FDCF91927753300117DB8</string>
			<key>isa</key>
			<string>PBXBuildFile</string>
		</dict>
		<key>4D2FDCFD1927757600117DB8</key>
		<dict>
			<key>children</key>
			<array>
				<string>4D8A7F441928949A00C352E9</string>
				<string>4D8A7F451928949A00C352E9</string>
				<string>4D2FDCFE1927774800117DB8</string>
				<string>4D2FDCFF1927774800117DB8</string>
				<string>4D8A7F7B1929C8D200C352E9</string>
				<string>4D8A7F7C1929C8D200C352E9</string>
				<string>4D2FDD391928801300117DB8</string>
				<string>4D2FDD3A1928801300117DB8</string>
				<string>4D8A7F3E19288FC400C352E9</string>
				<string>4D8A7F3F19288FC400C352E9</string>
				<string>4D2FDD3C192881DA00117DB8</string>
				<string>4D2FDD3D192881DA00117DB8</string>
				<string>4D8A7F3B19288B7E00C352E9</string>
				<string>4D8A7F3C19288B7E00C352E9</string>
			</array>
			<key>isa</key>
			<string>PBXGroup</string>
			<key>name</key>
			<string>Dao</string>
			<key>sourceTree</key>
			<string>&lt;group&gt;</string>
		</dict>
		<key>4D2FDCFE1927774800117DB8</key>
		<dict>
			<key>fileEncoding</key>
			<string>4</string>
			<key>isa</key>
			<string>PBXFileReference</string>
			<key>lastKnownFileType</key>
			<string>sourcecode.c.h</string>
			<key>name</key>
			<string>DatabaseContext.h</string>
			<key>path</key>
			<string>Dao/DatabaseContext.h</string>
			<key>sourceTree</key>
			<string>&lt;group&gt;</string>
		</dict>
		<key>4D2FDCFF1927774800117DB8</key>
		<dict>
			<key>fileEncoding</key>
			<string>4</string>
			<key>isa</key>
			<string>PBXFileReference</string>
			<key>lastKnownFileType</key>
			<string>sourcecode.c.objc</string>
			<key>name</key>
			<string>DatabaseContext.m</string>
			<key>path</key>
			<string>Dao/DatabaseContext.m</string>
			<key>sourceTree</key>
			<string>&lt;group&gt;</string>
		</dict>
		<key>4D2FDD001927774800117DB8</key>
		<dict>
			<key>fileRef</key>
			<string>4D2FDCFF1927774800117DB8</string>
			<key>isa</key>
			<string>PBXBuildFile</string>
		</dict>
		<key>4D2FDD0519277CD000117DB8</key>
		<dict>
			<key>children</key>
			<array>
				<string>4D2FDD0619277CD600117DB8</string>
			</array>
			<key>isa</key>
			<string>PBXGroup</string>
			<key>name</key>
			<string>Resources</string>
			<key>sourceTree</key>
			<string>&lt;group&gt;</string>
		</dict>
		<key>4D2FDD0619277CD600117DB8</key>
		<dict>
			<key>children</key>
			<array>
				<string>4D2FDD0719277D2100117DB8</string>
				<string>4D2FDD0819277D2100117DB8</string>
				<string>4D2FDD0919277D2100117DB8</string>
			</array>
			<key>isa</key>
			<string>PBXGroup</string>
			<key>name</key>
			<string>Files</string>
			<key>sourceTree</key>
			<string>&lt;group&gt;</string>
		</dict>
		<key>4D2FDD0719277D2100117DB8</key>
		<dict>
			<key>fileEncoding</key>
			<string>4</string>
			<key>isa</key>
			<string>PBXFileReference</string>
			<key>lastKnownFileType</key>
			<string>text.json</string>
			<key>name</key>
			<string>categoriesStatic.json</string>
			<key>path</key>
			<string>Resources/Files/categoriesStatic.json</string>
			<key>sourceTree</key>
			<string>&lt;group&gt;</string>
		</dict>
		<key>4D2FDD0819277D2100117DB8</key>
		<dict>
			<key>fileEncoding</key>
			<string>4</string>
			<key>isa</key>
			<string>PBXFileReference</string>
			<key>lastKnownFileType</key>
			<string>text.json</string>
			<key>name</key>
			<string>exercisesStatic.json</string>
			<key>path</key>
			<string>Resources/Files/exercisesStatic.json</string>
			<key>sourceTree</key>
			<string>&lt;group&gt;</string>
		</dict>
		<key>4D2FDD0919277D2100117DB8</key>
		<dict>
			<key>fileEncoding</key>
			<string>4</string>
			<key>isa</key>
			<string>PBXFileReference</string>
			<key>lastKnownFileType</key>
			<string>text.json</string>
			<key>name</key>
			<string>foodStatic.json</string>
			<key>path</key>
			<string>Resources/Files/foodStatic.json</string>
			<key>sourceTree</key>
			<string>&lt;group&gt;</string>
		</dict>
		<key>4D2FDD0A19277D2100117DB8</key>
		<dict>
			<key>fileRef</key>
			<string>4D2FDD0719277D2100117DB8</string>
			<key>isa</key>
			<string>PBXBuildFile</string>
		</dict>
		<key>4D2FDD0B19277D2100117DB8</key>
		<dict>
			<key>fileRef</key>
			<string>4D2FDD0819277D2100117DB8</string>
			<key>isa</key>
			<string>PBXBuildFile</string>
		</dict>
		<key>4D2FDD0C19277D2100117DB8</key>
		<dict>
			<key>fileRef</key>
			<string>4D2FDD0919277D2100117DB8</string>
			<key>isa</key>
			<string>PBXBuildFile</string>
		</dict>
		<key>4D2FDD171927A30500117DB8</key>
		<dict>
			<key>children</key>
			<array>
				<string>4D2FDD181927A30B00117DB8</string>
			</array>
			<key>isa</key>
			<string>PBXGroup</string>
			<key>name</key>
			<string>Resources</string>
			<key>sourceTree</key>
			<string>&lt;group&gt;</string>
		</dict>
		<key>4D2FDD181927A30B00117DB8</key>
		<dict>
			<key>children</key>
			<array>
				<string>4D2FDD191927A39F00117DB8</string>
				<string>4D2FDD1A1927A39F00117DB8</string>
				<string>4D2FDD1B1927A39F00117DB8</string>
			</array>
			<key>isa</key>
			<string>PBXGroup</string>
			<key>name</key>
			<string>Files</string>
			<key>sourceTree</key>
			<string>&lt;group&gt;</string>
		</dict>
		<key>4D2FDD191927A39F00117DB8</key>
		<dict>
			<key>fileEncoding</key>
			<string>4</string>
			<key>isa</key>
			<string>PBXFileReference</string>
			<key>lastKnownFileType</key>
			<string>text.json</string>
			<key>name</key>
			<string>testCategoriesStatic.json</string>
			<key>path</key>
			<string>Resources/Files/testCategoriesStatic.json</string>
			<key>sourceTree</key>
			<string>&lt;group&gt;</string>
		</dict>
		<key>4D2FDD1A1927A39F00117DB8</key>
		<dict>
			<key>fileEncoding</key>
			<string>4</string>
			<key>isa</key>
			<string>PBXFileReference</string>
			<key>lastKnownFileType</key>
			<string>text.json</string>
			<key>name</key>
			<string>testExercisesStatic.json</string>
			<key>path</key>
			<string>Resources/Files/testExercisesStatic.json</string>
			<key>sourceTree</key>
			<string>&lt;group&gt;</string>
		</dict>
		<key>4D2FDD1B1927A39F00117DB8</key>
		<dict>
			<key>fileEncoding</key>
			<string>4</string>
			<key>isa</key>
			<string>PBXFileReference</string>
			<key>lastKnownFileType</key>
			<string>text.json</string>
			<key>name</key>
			<string>testFoodStatic.json</string>
			<key>path</key>
			<string>Resources/Files/testFoodStatic.json</string>
			<key>sourceTree</key>
			<string>&lt;group&gt;</string>
		</dict>
		<key>4D2FDD1C1927A39F00117DB8</key>
		<dict>
			<key>fileRef</key>
			<string>4D2FDD191927A39F00117DB8</string>
			<key>isa</key>
			<string>PBXBuildFile</string>
		</dict>
		<key>4D2FDD1D1927A39F00117DB8</key>
		<dict>
			<key>fileRef</key>
			<string>4D2FDD1A1927A39F00117DB8</string>
			<key>isa</key>
			<string>PBXBuildFile</string>
		</dict>
		<key>4D2FDD1E1927A39F00117DB8</key>
		<dict>
			<key>fileRef</key>
			<string>4D2FDD1B1927A39F00117DB8</string>
			<key>isa</key>
			<string>PBXBuildFile</string>
		</dict>
		<key>4D2FDD271927C30000117DB8</key>
		<dict>
			<key>children</key>
			<array>
				<string>4D8A7F47192894B100C352E9</string>
				<string>4D8A7F48192894B700C352E9</string>
				<string>4D8A7F4A192894C300C352E9</string>
				<string>4D8A7F49192894C000C352E9</string>
				<string>4D8A7F4C192894F600C352E9</string>
				<string>4DEE7C2B192A69C8009DADCA</string>
			</array>
			<key>isa</key>
			<string>PBXGroup</string>
			<key>name</key>
			<string>UI</string>
			<key>sourceTree</key>
			<string>&lt;group&gt;</string>
		</dict>
		<key>4D2FDD391928801300117DB8</key>
		<dict>
			<key>fileEncoding</key>
			<string>4</string>
			<key>isa</key>
			<string>PBXFileReference</string>
			<key>lastKnownFileType</key>
			<string>sourcecode.c.h</string>
			<key>name</key>
			<string>DatabaseReader.h</string>
			<key>path</key>
			<string>Dao/DatabaseReader.h</string>
			<key>sourceTree</key>
			<string>&lt;group&gt;</string>
		</dict>
		<key>4D2FDD3A1928801300117DB8</key>
		<dict>
			<key>fileEncoding</key>
			<string>4</string>
			<key>isa</key>
			<string>PBXFileReference</string>
			<key>lastKnownFileType</key>
			<string>sourcecode.c.objc</string>
			<key>name</key>
			<string>DatabaseReader.m</string>
			<key>path</key>
			<string>Dao/DatabaseReader.m</string>
			<key>sourceTree</key>
			<string>&lt;group&gt;</string>
		</dict>
		<key>4D2FDD3B1928801300117DB8</key>
		<dict>
			<key>fileRef</key>
			<string>4D2FDD3A1928801300117DB8</string>
			<key>isa</key>
			<string>PBXBuildFile</string>
		</dict>
		<key>4D2FDD3C192881DA00117DB8</key>
		<dict>
			<key>fileEncoding</key>
			<string>4</string>
			<key>isa</key>
			<string>PBXFileReference</string>
			<key>lastKnownFileType</key>
			<string>sourcecode.c.h</string>
			<key>name</key>
			<string>FoodCategoryDatabaseReader.h</string>
			<key>path</key>
			<string>Dao/FoodCategoryDatabaseReader.h</string>
			<key>sourceTree</key>
			<string>&lt;group&gt;</string>
		</dict>
		<key>4D2FDD3D192881DA00117DB8</key>
		<dict>
			<key>fileEncoding</key>
			<string>4</string>
			<key>isa</key>
			<string>PBXFileReference</string>
			<key>lastKnownFileType</key>
			<string>sourcecode.c.objc</string>
			<key>name</key>
			<string>FoodCategoryDatabaseReader.m</string>
			<key>path</key>
			<string>Dao/FoodCategoryDatabaseReader.m</string>
			<key>sourceTree</key>
			<string>&lt;group&gt;</string>
		</dict>
		<key>4D2FDD3E192881DA00117DB8</key>
		<dict>
			<key>fileRef</key>
			<string>4D2FDD3D192881DA00117DB8</string>
			<key>isa</key>
			<string>PBXBuildFile</string>
		</dict>
		<key>4D8A7F3B19288B7E00C352E9</key>
		<dict>
			<key>fileEncoding</key>
			<string>4</string>
			<key>isa</key>
			<string>PBXFileReference</string>
			<key>lastKnownFileType</key>
			<string>sourcecode.c.h</string>
			<key>name</key>
			<string>FoodDatabaseReader.h</string>
			<key>path</key>
			<string>Dao/FoodDatabaseReader.h</string>
			<key>sourceTree</key>
			<string>&lt;group&gt;</string>
		</dict>
		<key>4D8A7F3C19288B7E00C352E9</key>
		<dict>
			<key>fileEncoding</key>
			<string>4</string>
			<key>isa</key>
			<string>PBXFileReference</string>
			<key>lastKnownFileType</key>
			<string>sourcecode.c.objc</string>
			<key>name</key>
			<string>FoodDatabaseReader.m</string>
			<key>path</key>
			<string>Dao/FoodDatabaseReader.m</string>
			<key>sourceTree</key>
			<string>&lt;group&gt;</string>
		</dict>
		<key>4D8A7F3D19288B7E00C352E9</key>
		<dict>
			<key>fileRef</key>
			<string>4D8A7F3C19288B7E00C352E9</string>
			<key>isa</key>
			<string>PBXBuildFile</string>
		</dict>
		<key>4D8A7F3E19288FC400C352E9</key>
		<dict>
			<key>fileEncoding</key>
			<string>4</string>
			<key>isa</key>
			<string>PBXFileReference</string>
			<key>lastKnownFileType</key>
			<string>sourcecode.c.h</string>
			<key>name</key>
			<string>ExerciseDatabaseReader.h</string>
			<key>path</key>
			<string>Dao/ExerciseDatabaseReader.h</string>
			<key>sourceTree</key>
			<string>&lt;group&gt;</string>
		</dict>
		<key>4D8A7F3F19288FC400C352E9</key>
		<dict>
			<key>fileEncoding</key>
			<string>4</string>
			<key>isa</key>
			<string>PBXFileReference</string>
			<key>lastKnownFileType</key>
			<string>sourcecode.c.objc</string>
			<key>name</key>
			<string>ExerciseDatabaseReader.m</string>
			<key>path</key>
			<string>Dao/ExerciseDatabaseReader.m</string>
			<key>sourceTree</key>
			<string>&lt;group&gt;</string>
		</dict>
		<key>4D8A7F4019288FC400C352E9</key>
		<dict>
			<key>fileRef</key>
			<string>4D8A7F3F19288FC400C352E9</string>
			<key>isa</key>
			<string>PBXBuildFile</string>
		</dict>
		<key>4D8A7F441928949A00C352E9</key>
		<dict>
			<key>fileEncoding</key>
			<string>4</string>
			<key>isa</key>
			<string>PBXFileReference</string>
			<key>lastKnownFileType</key>
			<string>sourcecode.c.h</string>
			<key>name</key>
			<string>DatabaseContentInitializer.h</string>
			<key>path</key>
			<string>Dao/DatabaseContentInitializer.h</string>
			<key>sourceTree</key>
			<string>&lt;group&gt;</string>
		</dict>
		<key>4D8A7F451928949A00C352E9</key>
		<dict>
			<key>fileEncoding</key>
			<string>4</string>
			<key>isa</key>
			<string>PBXFileReference</string>
			<key>lastKnownFileType</key>
			<string>sourcecode.c.objc</string>
			<key>name</key>
			<string>DatabaseContentInitializer.m</string>
			<key>path</key>
			<string>Dao/DatabaseContentInitializer.m</string>
			<key>sourceTree</key>
			<string>&lt;group&gt;</string>
		</dict>
		<key>4D8A7F461928949A00C352E9</key>
		<dict>
			<key>fileRef</key>
			<string>4D8A7F451928949A00C352E9</string>
			<key>isa</key>
			<string>PBXBuildFile</string>
		</dict>
		<key>4D8A7F47192894B100C352E9</key>
		<dict>
			<key>children</key>
			<array>
				<string>4D8A7F4D1928956900C352E9</string>
			</array>
			<key>isa</key>
			<string>PBXGroup</string>
			<key>name</key>
			<string>Application</string>
			<key>sourceTree</key>
			<string>&lt;group&gt;</string>
		</dict>
		<key>4D8A7F48192894B700C352E9</key>
		<dict>
			<key>children</key>
			<array>
				<string>4D8A7F4F1928957900C352E9</string>
				<string>4D8A7F501928957900C352E9</string>
				<string>4D8A7F511928957900C352E9</string>
			</array>
			<key>isa</key>
			<string>PBXGroup</string>
			<key>name</key>
			<string>Categories</string>
			<key>sourceTree</key>
			<string>&lt;group&gt;</string>
		</dict>
		<key>4D8A7F49192894C000C352E9</key>
		<dict>
			<key>children</key>
			<array>
				<string>4D8A7F541928958300C352E9</string>
				<string>4D8A7F551928958300C352E9</string>
				<string>4D8A7F561928958300C352E9</string>
				<string>4DEE7C2F192A7E61009DADCA</string>
				<string>4DEE7C30192A7E61009DADCA</string>
				<string>4DEE7C31192A7E61009DADCA</string>
			</array>
			<key>isa</key>
			<string>PBXGroup</string>
			<key>name</key>
			<string>Food</string>
			<key>sourceTree</key>
			<string>&lt;group&gt;</string>
		</dict>
		<key>4D8A7F4A192894C300C352E9</key>
		<dict>
			<key>children</key>
			<array>
				<string>4D8A7F591928958D00C352E9</string>
				<string>4D8A7F5A1928958D00C352E9</string>
				<string>4D8A7F5B1928958D00C352E9</string>
			</array>
			<key>isa</key>
			<string>PBXGroup</string>
			<key>name</key>
			<string>Exercise</string>
			<key>sourceTree</key>
			<string>&lt;group&gt;</string>
		</dict>
		<key>4D8A7F4C192894F600C352E9</key>
		<dict>
			<key>children</key>
			<array>
				<string>4D8A7F5E1928959500C352E9</string>
				<string>4D8A7F5F1928959500C352E9</string>
				<string>4D8A7F601928959500C352E9</string>
				<string>4D8A7F83192A4FEF00C352E9</string>
				<string>4D8A7F84192A4FEF00C352E9</string>
			</array>
			<key>isa</key>
			<string>PBXGroup</string>
			<key>name</key>
			<string>Import</string>
			<key>sourceTree</key>
			<string>&lt;group&gt;</string>
		</dict>
		<key>4D8A7F4D1928956900C352E9</key>
		<dict>
			<key>fileEncoding</key>
			<string>4</string>
			<key>isa</key>
			<string>PBXFileReference</string>
			<key>lastKnownFileType</key>
			<string>file.xib</string>
			<key>name</key>
			<string>Window.xib</string>
			<key>path</key>
			<string>UI/Application/Window.xib</string>
			<key>sourceTree</key>
			<string>&lt;group&gt;</string>
		</dict>
		<key>4D8A7F4E1928956900C352E9</key>
		<dict>
			<key>fileRef</key>
			<string>4D8A7F4D1928956900C352E9</string>
			<key>isa</key>
			<string>PBXBuildFile</string>
		</dict>
		<key>4D8A7F4F1928957900C352E9</key>
		<dict>
			<key>fileEncoding</key>
			<string>4</string>
			<key>isa</key>
			<string>PBXFileReference</string>
			<key>lastKnownFileType</key>
			<string>file.xib</string>
			<key>name</key>
			<string>CategoryView.xib</string>
			<key>path</key>
			<string>UI/Category/CategoryView.xib</string>
			<key>sourceTree</key>
			<string>&lt;group&gt;</string>
		</dict>
		<key>4D8A7F501928957900C352E9</key>
		<dict>
			<key>fileEncoding</key>
			<string>4</string>
			<key>isa</key>
			<string>PBXFileReference</string>
			<key>lastKnownFileType</key>
			<string>sourcecode.c.h</string>
			<key>name</key>
			<string>CategoryViewController.h</string>
			<key>path</key>
			<string>UI/Category/CategoryViewController.h</string>
			<key>sourceTree</key>
			<string>&lt;group&gt;</string>
		</dict>
		<key>4D8A7F511928957900C352E9</key>
		<dict>
			<key>fileEncoding</key>
			<string>4</string>
			<key>isa</key>
			<string>PBXFileReference</string>
			<key>lastKnownFileType</key>
			<string>sourcecode.c.objc</string>
			<key>name</key>
			<string>CategoryViewController.m</string>
			<key>path</key>
			<string>UI/Category/CategoryViewController.m</string>
			<key>sourceTree</key>
			<string>&lt;group&gt;</string>
		</dict>
		<key>4D8A7F521928957900C352E9</key>
		<dict>
			<key>fileRef</key>
			<string>4D8A7F4F1928957900C352E9</string>
			<key>isa</key>
			<string>PBXBuildFile</string>
		</dict>
		<key>4D8A7F531928957900C352E9</key>
		<dict>
			<key>fileRef</key>
			<string>4D8A7F511928957900C352E9</string>
			<key>isa</key>
			<string>PBXBuildFile</string>
		</dict>
		<key>4D8A7F541928958300C352E9</key>
		<dict>
			<key>fileEncoding</key>
			<string>4</string>
			<key>isa</key>
			<string>PBXFileReference</string>
			<key>lastKnownFileType</key>
			<string>file.xib</string>
			<key>name</key>
			<string>FoodView.xib</string>
			<key>path</key>
			<string>UI/Food/FoodView.xib</string>
			<key>sourceTree</key>
			<string>&lt;group&gt;</string>
		</dict>
		<key>4D8A7F551928958300C352E9</key>
		<dict>
			<key>fileEncoding</key>
			<string>4</string>
			<key>isa</key>
			<string>PBXFileReference</string>
			<key>lastKnownFileType</key>
			<string>sourcecode.c.h</string>
			<key>name</key>
			<string>FoodViewController.h</string>
			<key>path</key>
			<string>UI/Food/FoodViewController.h</string>
			<key>sourceTree</key>
			<string>&lt;group&gt;</string>
		</dict>
		<key>4D8A7F561928958300C352E9</key>
		<dict>
			<key>fileEncoding</key>
			<string>4</string>
			<key>isa</key>
			<string>PBXFileReference</string>
			<key>lastKnownFileType</key>
			<string>sourcecode.c.objc</string>
			<key>name</key>
			<string>FoodViewController.m</string>
			<key>path</key>
			<string>UI/Food/FoodViewController.m</string>
			<key>sourceTree</key>
			<string>&lt;group&gt;</string>
		</dict>
		<key>4D8A7F571928958300C352E9</key>
		<dict>
			<key>fileRef</key>
			<string>4D8A7F541928958300C352E9</string>
			<key>isa</key>
			<string>PBXBuildFile</string>
		</dict>
		<key>4D8A7F581928958300C352E9</key>
		<dict>
			<key>fileRef</key>
			<string>4D8A7F561928958300C352E9</string>
			<key>isa</key>
			<string>PBXBuildFile</string>
		</dict>
		<key>4D8A7F591928958D00C352E9</key>
		<dict>
			<key>fileEncoding</key>
			<string>4</string>
			<key>isa</key>
			<string>PBXFileReference</string>
			<key>lastKnownFileType</key>
			<string>file.xib</string>
			<key>name</key>
			<string>ExerciseView.xib</string>
			<key>path</key>
			<string>UI/Exercise/ExerciseView.xib</string>
			<key>sourceTree</key>
			<string>&lt;group&gt;</string>
		</dict>
		<key>4D8A7F5A1928958D00C352E9</key>
		<dict>
			<key>fileEncoding</key>
			<string>4</string>
			<key>isa</key>
			<string>PBXFileReference</string>
			<key>lastKnownFileType</key>
			<string>sourcecode.c.h</string>
			<key>name</key>
			<string>ExerciseViewController.h</string>
			<key>path</key>
			<string>UI/Exercise/ExerciseViewController.h</string>
			<key>sourceTree</key>
			<string>&lt;group&gt;</string>
		</dict>
		<key>4D8A7F5B1928958D00C352E9</key>
		<dict>
			<key>fileEncoding</key>
			<string>4</string>
			<key>isa</key>
			<string>PBXFileReference</string>
			<key>lastKnownFileType</key>
			<string>sourcecode.c.objc</string>
			<key>name</key>
			<string>ExerciseViewController.m</string>
			<key>path</key>
			<string>UI/Exercise/ExerciseViewController.m</string>
			<key>sourceTree</key>
			<string>&lt;group&gt;</string>
		</dict>
		<key>4D8A7F5C1928958D00C352E9</key>
		<dict>
			<key>fileRef</key>
			<string>4D8A7F591928958D00C352E9</string>
			<key>isa</key>
			<string>PBXBuildFile</string>
		</dict>
		<key>4D8A7F5D1928958D00C352E9</key>
		<dict>
			<key>fileRef</key>
			<string>4D8A7F5B1928958D00C352E9</string>
			<key>isa</key>
			<string>PBXBuildFile</string>
		</dict>
		<key>4D8A7F5E1928959500C352E9</key>
		<dict>
			<key>fileEncoding</key>
			<string>4</string>
			<key>isa</key>
			<string>PBXFileReference</string>
			<key>lastKnownFileType</key>
			<string>file.xib</string>
			<key>name</key>
			<string>ImportProgressView.xib</string>
			<key>path</key>
			<string>UI/Import/ImportProgressView.xib</string>
			<key>sourceTree</key>
			<string>&lt;group&gt;</string>
		</dict>
		<key>4D8A7F5F1928959500C352E9</key>
		<dict>
			<key>fileEncoding</key>
			<string>4</string>
			<key>isa</key>
			<string>PBXFileReference</string>
			<key>lastKnownFileType</key>
			<string>sourcecode.c.h</string>
			<key>name</key>
			<string>ImportProgressViewController.h</string>
			<key>path</key>
			<string>UI/Import/ImportProgressViewController.h</string>
			<key>sourceTree</key>
			<string>&lt;group&gt;</string>
		</dict>
		<key>4D8A7F601928959500C352E9</key>
		<dict>
			<key>fileEncoding</key>
			<string>4</string>
			<key>isa</key>
			<string>PBXFileReference</string>
			<key>lastKnownFileType</key>
			<string>sourcecode.c.objc</string>
			<key>name</key>
			<string>ImportProgressViewController.m</string>
			<key>path</key>
			<string>UI/Import/ImportProgressViewController.m</string>
			<key>sourceTree</key>
			<string>&lt;group&gt;</string>
		</dict>
		<key>4D8A7F611928959500C352E9</key>
		<dict>
			<key>fileRef</key>
			<string>4D8A7F5E1928959500C352E9</string>
			<key>isa</key>
			<string>PBXBuildFile</string>
		</dict>
		<key>4D8A7F621928959500C352E9</key>
		<dict>
			<key>fileRef</key>
			<string>4D8A7F601928959500C352E9</string>
			<key>isa</key>
			<string>PBXBuildFile</string>
		</dict>
		<key>4D8A7F6C1928B03900C352E9</key>
		<dict>
			<key>fileEncoding</key>
			<string>4</string>
			<key>isa</key>
			<string>PBXFileReference</string>
			<key>lastKnownFileType</key>
			<string>sourcecode.c.h</string>
			<key>name</key>
			<string>FoodCategory+LocalizedViewModel.h</string>
			<key>path</key>
			<string>Data/FoodCategory+LocalizedViewModel.h</string>
			<key>sourceTree</key>
			<string>&lt;group&gt;</string>
		</dict>
		<key>4D8A7F6D1928B03900C352E9</key>
		<dict>
			<key>fileEncoding</key>
			<string>4</string>
			<key>isa</key>
			<string>PBXFileReference</string>
			<key>lastKnownFileType</key>
			<string>sourcecode.c.objc</string>
			<key>name</key>
			<string>FoodCategory+LocalizedViewModel.m</string>
			<key>path</key>
			<string>Data/FoodCategory+LocalizedViewModel.m</string>
			<key>sourceTree</key>
			<string>&lt;group&gt;</string>
		</dict>
		<key>4D8A7F6E1928B03900C352E9</key>
		<dict>
			<key>fileRef</key>
			<string>4D8A7F6D1928B03900C352E9</string>
			<key>isa</key>
			<string>PBXBuildFile</string>
		</dict>
		<key>4D8A7F72192928C200C352E9</key>
		<dict>
			<key>fileEncoding</key>
			<string>4</string>
			<key>isa</key>
			<string>PBXFileReference</string>
			<key>lastKnownFileType</key>
			<string>sourcecode.c.h</string>
			<key>name</key>
			<string>Exercise+LocalizedViewModel.h</string>
			<key>path</key>
			<string>Data/Exercise+LocalizedViewModel.h</string>
			<key>sourceTree</key>
			<string>&lt;group&gt;</string>
		</dict>
		<key>4D8A7F73192928C200C352E9</key>
		<dict>
			<key>fileEncoding</key>
			<string>4</string>
			<key>isa</key>
			<string>PBXFileReference</string>
			<key>lastKnownFileType</key>
			<string>sourcecode.c.objc</string>
			<key>name</key>
			<string>Exercise+LocalizedViewModel.m</string>
			<key>path</key>
			<string>Data/Exercise+LocalizedViewModel.m</string>
			<key>sourceTree</key>
			<string>&lt;group&gt;</string>
		</dict>
		<key>4D8A7F74192928C200C352E9</key>
		<dict>
			<key>fileRef</key>
			<string>4D8A7F73192928C200C352E9</string>
			<key>isa</key>
			<string>PBXBuildFile</string>
		</dict>
		<key>4D8A7F7B1929C8D200C352E9</key>
		<dict>
			<key>fileEncoding</key>
			<string>4</string>
			<key>isa</key>
			<string>PBXFileReference</string>
			<key>lastKnownFileType</key>
			<string>sourcecode.c.h</string>
			<key>name</key>
			<string>DatabaseImportOperation.h</string>
			<key>path</key>
			<string>Dao/DatabaseImportOperation.h</string>
			<key>sourceTree</key>
			<string>&lt;group&gt;</string>
		</dict>
		<key>4D8A7F7C1929C8D200C352E9</key>
		<dict>
			<key>fileEncoding</key>
			<string>4</string>
			<key>isa</key>
			<string>PBXFileReference</string>
			<key>lastKnownFileType</key>
			<string>sourcecode.c.objc</string>
			<key>name</key>
			<string>DatabaseImportOperation.m</string>
			<key>path</key>
			<string>Dao/DatabaseImportOperation.m</string>
			<key>sourceTree</key>
			<string>&lt;group&gt;</string>
		</dict>
		<key>4D8A7F7D1929C8D200C352E9</key>
		<dict>
			<key>fileRef</key>
			<string>4D8A7F7C1929C8D200C352E9</string>
			<key>isa</key>
			<string>PBXBuildFile</string>
		</dict>
		<key>4D8A7F7E1929CAD200C352E9</key>
		<dict>
			<key>children</key>
			<array>
				<string>4D8A7F7F1929CAE000C352E9</string>
			</array>
			<key>isa</key>
			<string>PBXGroup</string>
			<key>name</key>
			<string>Misc</string>
			<key>sourceTree</key>
			<string>&lt;group&gt;</string>
		</dict>
		<key>4D8A7F7F1929CAE000C352E9</key>
		<dict>
			<key>isa</key>
			<string>PBXFileReference</string>
			<key>lastKnownFileType</key>
			<string>sourcecode.c.h</string>
			<key>name</key>
			<string>Shared.h</string>
			<key>path</key>
			<string>Misc/Shared.h</string>
			<key>sourceTree</key>
			<string>&lt;group&gt;</string>
		</dict>
		<key>4D8A7F83192A4FEF00C352E9</key>
		<dict>
			<key>fileEncoding</key>
			<string>4</string>
			<key>isa</key>
			<string>PBXFileReference</string>
			<key>lastKnownFileType</key>
			<string>sourcecode.c.h</string>
			<key>name</key>
			<string>CircularProgressView.h</string>
			<key>path</key>
			<string>UI/Import/CircularProgressView.h</string>
			<key>sourceTree</key>
			<string>&lt;group&gt;</string>
		</dict>
		<key>4D8A7F84192A4FEF00C352E9</key>
		<dict>
			<key>fileEncoding</key>
			<string>4</string>
			<key>isa</key>
			<string>PBXFileReference</string>
			<key>lastKnownFileType</key>
			<string>sourcecode.c.objc</string>
			<key>name</key>
			<string>CircularProgressView.m</string>
			<key>path</key>
			<string>UI/Import/CircularProgressView.m</string>
			<key>sourceTree</key>
			<string>&lt;group&gt;</string>
		</dict>
		<key>4D8A7F85192A4FEF00C352E9</key>
		<dict>
			<key>fileRef</key>
			<string>4D8A7F84192A4FEF00C352E9</string>
			<key>isa</key>
			<string>PBXBuildFile</string>
		</dict>
		<key>4DEE7C2B192A69C8009DADCA</key>
		<dict>
			<key>children</key>
			<array>
				<string>4DEE7C2C192A69F1009DADCA</string>
				<string>4DEE7C2D192A69F1009DADCA</string>
			</array>
			<key>isa</key>
			<string>PBXGroup</string>
			<key>name</key>
			<string>TabBar</string>
			<key>sourceTree</key>
			<string>&lt;group&gt;</string>
		</dict>
		<key>4DEE7C2C192A69F1009DADCA</key>
		<dict>
			<key>fileEncoding</key>
			<string>4</string>
			<key>isa</key>
			<string>PBXFileReference</string>
			<key>lastKnownFileType</key>
			<string>sourcecode.c.h</string>
			<key>name</key>
			<string>TabBarControllerViewController.h</string>
			<key>path</key>
			<string>UI/TabBar/TabBarControllerViewController.h</string>
			<key>sourceTree</key>
			<string>&lt;group&gt;</string>
		</dict>
		<key>4DEE7C2D192A69F1009DADCA</key>
		<dict>
			<key>fileEncoding</key>
			<string>4</string>
			<key>isa</key>
			<string>PBXFileReference</string>
			<key>lastKnownFileType</key>
			<string>sourcecode.c.objc</string>
			<key>name</key>
			<string>TabBarControllerViewController.m</string>
			<key>path</key>
			<string>UI/TabBar/TabBarControllerViewController.m</string>
			<key>sourceTree</key>
			<string>&lt;group&gt;</string>
		</dict>
		<key>4DEE7C2E192A69F1009DADCA</key>
		<dict>
			<key>fileRef</key>
			<string>4DEE7C2D192A69F1009DADCA</string>
			<key>isa</key>
			<string>PBXBuildFile</string>
		</dict>
		<key>4DEE7C2F192A7E61009DADCA</key>
		<dict>
			<key>fileEncoding</key>
			<string>4</string>
			<key>isa</key>
			<string>PBXFileReference</string>
			<key>lastKnownFileType</key>
			<string>sourcecode.c.h</string>
			<key>name</key>
			<string>FoodDetailsViewController.h</string>
			<key>path</key>
			<string>UI/Food/FoodDetailsViewController.h</string>
			<key>sourceTree</key>
			<string>&lt;group&gt;</string>
		</dict>
		<key>4DEE7C30192A7E61009DADCA</key>
		<dict>
			<key>fileEncoding</key>
			<string>4</string>
			<key>isa</key>
			<string>PBXFileReference</string>
			<key>lastKnownFileType</key>
			<string>sourcecode.c.objc</string>
			<key>name</key>
			<string>FoodDetailsViewController.m</string>
			<key>path</key>
			<string>UI/Food/FoodDetailsViewController.m</string>
			<key>sourceTree</key>
			<string>&lt;group&gt;</string>
		</dict>
		<key>4DEE7C31192A7E61009DADCA</key>
		<dict>
			<key>fileEncoding</key>
			<string>4</string>
			<key>isa</key>
			<string>PBXFileReference</string>
			<key>lastKnownFileType</key>
			<string>file.xib</string>
			<key>name</key>
			<string>FoodDetailsView.xib</string>
			<key>path</key>
			<string>UI/Food/FoodDetailsView.xib</string>
			<key>sourceTree</key>
			<string>&lt;group&gt;</string>
		</dict>
		<key>4DEE7C32192A7E61009DADCA</key>
		<dict>
			<key>fileRef</key>
			<string>4DEE7C30192A7E61009DADCA</string>
			<key>isa</key>
			<string>PBXBuildFile</string>
		</dict>
		<key>4DEE7C33192A7E61009DADCA</key>
		<dict>
			<key>fileRef</key>
			<string>4DEE7C31192A7E61009DADCA</string>
			<key>isa</key>
			<string>PBXBuildFile</string>
		</dict>
		<key>878B5CC5D4FD47F5ACC15F2B</key>
		<dict>
			<key>buildActionMask</key>
			<string>2147483647</string>
			<key>files</key>
			<array/>
			<key>inputPaths</key>
			<array/>
			<key>isa</key>
			<string>PBXShellScriptBuildPhase</string>
			<key>name</key>
			<string>Check Pods Manifest.lock</string>
			<key>outputPaths</key>
			<array/>
			<key>runOnlyForDeploymentPostprocessing</key>
			<string>0</string>
			<key>shellPath</key>
			<string>/bin/sh</string>
			<key>shellScript</key>
			<string>diff "${PODS_ROOT}/../Podfile.lock" "${PODS_ROOT}/Manifest.lock" &gt; /dev/null
if [[ $? != 0 ]] ; then
    cat &lt;&lt; EOM
error: The sandbox is not in sync with the Podfile.lock. Run 'pod install' or update your CocoaPods installation.
EOM
    exit 1
fi
</string>
			<key>showEnvVarsInLog</key>
			<string>0</string>
		</dict>
		<key>8D8BD81554194D8CBD31AFCD</key>
		<dict>
			<key>buildActionMask</key>
			<string>2147483647</string>
			<key>files</key>
			<array/>
			<key>inputPaths</key>
			<array/>
			<key>isa</key>
			<string>PBXShellScriptBuildPhase</string>
			<key>name</key>
			<string>Copy Pods Resources</string>
			<key>outputPaths</key>
			<array/>
			<key>runOnlyForDeploymentPostprocessing</key>
			<string>0</string>
			<key>shellPath</key>
			<string>/bin/sh</string>
			<key>shellScript</key>
			<string>"${SRCROOT}/Pods/Pods-PoSumTests-resources.sh"
</string>
			<key>showEnvVarsInLog</key>
			<string>0</string>
		</dict>
		<key>985CB1AD4F50457D9969C946</key>
		<dict>
			<key>explicitFileType</key>
			<string>archive.ar</string>
			<key>includeInIndex</key>
			<string>0</string>
			<key>isa</key>
			<string>PBXFileReference</string>
			<key>path</key>
			<string>libPods-PoSumTests.a</string>
			<key>sourceTree</key>
			<string>BUILT_PRODUCTS_DIR</string>
		</dict>
		<key>BB25F37781774EC8820EC87E</key>
		<dict>
			<key>buildActionMask</key>
			<string>2147483647</string>
			<key>files</key>
			<array/>
			<key>inputPaths</key>
			<array/>
			<key>isa</key>
			<string>PBXShellScriptBuildPhase</string>
			<key>name</key>
			<string>Check Pods Manifest.lock</string>
			<key>outputPaths</key>
			<array/>
			<key>runOnlyForDeploymentPostprocessing</key>
			<string>0</string>
			<key>shellPath</key>
			<string>/bin/sh</string>
			<key>shellScript</key>
			<string>diff "${PODS_ROOT}/../Podfile.lock" "${PODS_ROOT}/Manifest.lock" &gt; /dev/null
if [[ $? != 0 ]] ; then
    cat &lt;&lt; EOM
error: The sandbox is not in sync with the Podfile.lock. Run 'pod install' or update your CocoaPods installation.
EOM
    exit 1
fi
</string>
			<key>showEnvVarsInLog</key>
			<string>0</string>
		</dict>
		<key>C1F21B6846984CA1B4F7BD40</key>
		<dict>
			<key>fileRef</key>
			<string>985CB1AD4F50457D9969C946</string>
			<key>isa</key>
			<string>PBXBuildFile</string>
		</dict>
		<key>D2C383B5F5374B7DBDA9DB3F</key>
		<dict>
			<key>buildActionMask</key>
			<string>2147483647</string>
			<key>files</key>
			<array/>
			<key>inputPaths</key>
			<array/>
			<key>isa</key>
			<string>PBXShellScriptBuildPhase</string>
			<key>name</key>
			<string>Copy Pods Resources</string>
			<key>outputPaths</key>
			<array/>
			<key>runOnlyForDeploymentPostprocessing</key>
			<string>0</string>
			<key>shellPath</key>
			<string>/bin/sh</string>
			<key>shellScript</key>
			<string>"${SRCROOT}/Pods/Pods-PoSum-resources.sh"
</string>
			<key>showEnvVarsInLog</key>
			<string>0</string>
		</dict>
		<key>D4603DE92F8F45CABDF01BB0</key>
		<dict>
			<key>includeInIndex</key>
			<string>1</string>
			<key>isa</key>
			<string>PBXFileReference</string>
			<key>lastKnownFileType</key>
			<string>text.xcconfig</string>
			<key>name</key>
			<string>Pods-PoSum.xcconfig</string>
			<key>path</key>
			<string>Pods/Pods-PoSum.xcconfig</string>
			<key>sourceTree</key>
			<string>&lt;group&gt;</string>
		</dict>
	</dict>
	<key>rootObject</key>
	<string>4D2FDCAB1927741D00117DB8</string>
</dict>
</plist>
